
Microsoft Visual Studio Solution File, Format Version 12.00
# Visual Studio Version 17
VisualStudioVersion = 17.5.33627.172
MinimumVisualStudioVersion = 10.0.40219.1
Project("{FAE04EC0-301F-11D3-BF4B-00C04F79EFBC}") = "Exercise16", "Exercise16\Exercise16.csproj", "{771D8428-A410-4167-8C45-30CB5FA057CD}"
EndProject
Global
	GlobalSection(SolutionConfigurationPlatforms) = preSolution
		Debug|Any CPU = Debug|Any CPU
		Release|Any CPU = Release|Any CPU
	EndGlobalSection
	GlobalSection(ProjectConfigurationPlatforms) = postSolution
		{771D8428-A410-4167-8C45-30CB5FA057CD}.Debug|Any CPU.ActiveCfg = Debug|Any CPU
		{771D8428-A410-4167-8C45-30CB5FA057CD}.Debug|Any CPU.Build.0 = Debug|Any CPU
		{771D8428-A410-4167-8C45-30CB5FA057CD}.Release|Any CPU.ActiveCfg = Release|Any CPU
		{771D8428-A410-4167-8C45-30CB5FA057CD}.Release|Any CPU.Build.0 = Release|Any CPU
	EndGlobalSection
	GlobalSection(SolutionProperties) = preSolution
		HideSolutionNode = FALSE
	EndGlobalSection
	GlobalSection(ExtensibilityGlobals) = postSolution
		SolutionGuid = {041E6B66-218E-448D-9E21-40DFBCF6DE0C}
	EndGlobalSection
EndGlobal
